
Microsoft Visual Studio Solution File, Format Version 12.00
# Visual Studio Version 17
VisualStudioVersion = 17.9.34728.123
MinimumVisualStudioVersion = 10.0.40219.1
Project("{FAE04EC0-301F-11D3-BF4B-00C04F79EFBC}") = "correccionEjercicio4", "correccionEjercicio4.csproj", "{DC3971C6-C2E8-4F9C-ABC5-A9F9E96FCB73}"
EndProject
Global
	GlobalSection(SolutionConfigurationPlatforms) = preSolution
		Debug|Any CPU = Debug|Any CPU
		Release|Any CPU = Release|Any CPU
	EndGlobalSection
	GlobalSection(ProjectConfigurationPlatforms) = postSolution
		{DC3971C6-C2E8-4F9C-ABC5-A9F9E96FCB73}.Debug|Any CPU.ActiveCfg = Debug|Any CPU
		{DC3971C6-C2E8-4F9C-ABC5-A9F9E96FCB73}.Debug|Any CPU.Build.0 = Debug|Any CPU
		{DC3971C6-C2E8-4F9C-ABC5-A9F9E96FCB73}.Release|Any CPU.ActiveCfg = Release|Any CPU
		{DC3971C6-C2E8-4F9C-ABC5-A9F9E96FCB73}.Release|Any CPU.Build.0 = Release|Any CPU
	EndGlobalSection
	GlobalSection(SolutionProperties) = preSolution
		HideSolutionNode = FALSE
	EndGlobalSection
	GlobalSection(ExtensibilityGlobals) = postSolution
		SolutionGuid = {0CC44E16-3009-4AC8-A8F5-8B522396730D}
	EndGlobalSection
EndGlobal
