
Microsoft Visual Studio Solution File, Format Version 12.00
# Visual Studio Version 17
VisualStudioVersion = 17.10.35122.118
MinimumVisualStudioVersion = 10.0.40219.1
Project("{FAE04EC0-301F-11D3-BF4B-00C04F79EFBC}") = "FormsEjercicio2", "FormsEjercicio2.csproj", "{D9007DE7-A37A-41B2-A6C3-305B820E509A}"
EndProject
Global
	GlobalSection(SolutionConfigurationPlatforms) = preSolution
		Debug|Any CPU = Debug|Any CPU
		Release|Any CPU = Release|Any CPU
	EndGlobalSection
	GlobalSection(ProjectConfigurationPlatforms) = postSolution
		{D9007DE7-A37A-41B2-A6C3-305B820E509A}.Debug|Any CPU.ActiveCfg = Debug|Any CPU
		{D9007DE7-A37A-41B2-A6C3-305B820E509A}.Debug|Any CPU.Build.0 = Debug|Any CPU
		{D9007DE7-A37A-41B2-A6C3-305B820E509A}.Release|Any CPU.ActiveCfg = Release|Any CPU
		{D9007DE7-A37A-41B2-A6C3-305B820E509A}.Release|Any CPU.Build.0 = Release|Any CPU
	EndGlobalSection
	GlobalSection(SolutionProperties) = preSolution
		HideSolutionNode = FALSE
	EndGlobalSection
	GlobalSection(ExtensibilityGlobals) = postSolution
		SolutionGuid = {00F0188B-F207-4068-837D-D2003C70FA05}
	EndGlobalSection
EndGlobal
