
Microsoft Visual Studio Solution File, Format Version 12.00
# Visual Studio Version 17
VisualStudioVersion = 17.9.34902.65
MinimumVisualStudioVersion = 10.0.40219.1
Project("{FAE04EC0-301F-11D3-BF4B-00C04F79EFBC}") = "correccionEjercicio5", "correccionEjercicio5.csproj", "{0DA9D392-D49D-4A57-84C7-1A44F6B6D715}"
EndProject
Global
	GlobalSection(SolutionConfigurationPlatforms) = preSolution
		Debug|Any CPU = Debug|Any CPU
		Release|Any CPU = Release|Any CPU
	EndGlobalSection
	GlobalSection(ProjectConfigurationPlatforms) = postSolution
		{0DA9D392-D49D-4A57-84C7-1A44F6B6D715}.Debug|Any CPU.ActiveCfg = Debug|Any CPU
		{0DA9D392-D49D-4A57-84C7-1A44F6B6D715}.Debug|Any CPU.Build.0 = Debug|Any CPU
		{0DA9D392-D49D-4A57-84C7-1A44F6B6D715}.Release|Any CPU.ActiveCfg = Release|Any CPU
		{0DA9D392-D49D-4A57-84C7-1A44F6B6D715}.Release|Any CPU.Build.0 = Release|Any CPU
	EndGlobalSection
	GlobalSection(SolutionProperties) = preSolution
		HideSolutionNode = FALSE
	EndGlobalSection
	GlobalSection(ExtensibilityGlobals) = postSolution
		SolutionGuid = {E1B00DFA-03A1-4DDC-BAB4-31EF0C817D75}
	EndGlobalSection
EndGlobal
