
Microsoft Visual Studio Solution File, Format Version 12.00
# Visual Studio Version 17
VisualStudioVersion = 17.10.35013.160
MinimumVisualStudioVersion = 10.0.40219.1
Project("{FAE04EC0-301F-11D3-BF4B-00C04F79EFBC}") = "correccionEjercicio8", "correccionEjercicio8.csproj", "{5E45C628-26FD-4B57-BA66-12EA994CAA7C}"
EndProject
Global
	GlobalSection(SolutionConfigurationPlatforms) = preSolution
		Debug|Any CPU = Debug|Any CPU
		Release|Any CPU = Release|Any CPU
	EndGlobalSection
	GlobalSection(ProjectConfigurationPlatforms) = postSolution
		{5E45C628-26FD-4B57-BA66-12EA994CAA7C}.Debug|Any CPU.ActiveCfg = Debug|Any CPU
		{5E45C628-26FD-4B57-BA66-12EA994CAA7C}.Debug|Any CPU.Build.0 = Debug|Any CPU
		{5E45C628-26FD-4B57-BA66-12EA994CAA7C}.Release|Any CPU.ActiveCfg = Release|Any CPU
		{5E45C628-26FD-4B57-BA66-12EA994CAA7C}.Release|Any CPU.Build.0 = Release|Any CPU
	EndGlobalSection
	GlobalSection(SolutionProperties) = preSolution
		HideSolutionNode = FALSE
	EndGlobalSection
	GlobalSection(ExtensibilityGlobals) = postSolution
		SolutionGuid = {CEF1EECB-78DD-4104-BFC3-CDC952D1D913}
	EndGlobalSection
EndGlobal
