
Microsoft Visual Studio Solution File, Format Version 12.00
# Visual Studio Version 17
VisualStudioVersion = 17.10.34916.146
MinimumVisualStudioVersion = 10.0.40219.1
Project("{FAE04EC0-301F-11D3-BF4B-00C04F79EFBC}") = "correccionEjercicio5.1", "correccionEjercicio5.1.csproj", "{CFF74173-E38D-4EEC-86CF-9E7DCB871368}"
EndProject
Global
	GlobalSection(SolutionConfigurationPlatforms) = preSolution
		Debug|Any CPU = Debug|Any CPU
		Release|Any CPU = Release|Any CPU
	EndGlobalSection
	GlobalSection(ProjectConfigurationPlatforms) = postSolution
		{CFF74173-E38D-4EEC-86CF-9E7DCB871368}.Debug|Any CPU.ActiveCfg = Debug|Any CPU
		{CFF74173-E38D-4EEC-86CF-9E7DCB871368}.Debug|Any CPU.Build.0 = Debug|Any CPU
		{CFF74173-E38D-4EEC-86CF-9E7DCB871368}.Release|Any CPU.ActiveCfg = Release|Any CPU
		{CFF74173-E38D-4EEC-86CF-9E7DCB871368}.Release|Any CPU.Build.0 = Release|Any CPU
	EndGlobalSection
	GlobalSection(SolutionProperties) = preSolution
		HideSolutionNode = FALSE
	EndGlobalSection
	GlobalSection(ExtensibilityGlobals) = postSolution
		SolutionGuid = {1330BCFC-F4A5-4001-A0BB-BC465A72B221}
	EndGlobalSection
EndGlobal
