
Microsoft Visual Studio Solution File, Format Version 12.00
# Visual Studio Version 17
VisualStudioVersion = 17.9.34728.123
MinimumVisualStudioVersion = 10.0.40219.1
Project("{FAE04EC0-301F-11D3-BF4B-00C04F79EFBC}") = "Ejercicio4", "Ejercicio4.csproj", "{2887EA8E-3F2E-436F-9DF1-E74458E25F9A}"
EndProject
Global
	GlobalSection(SolutionConfigurationPlatforms) = preSolution
		Debug|Any CPU = Debug|Any CPU
		Release|Any CPU = Release|Any CPU
	EndGlobalSection
	GlobalSection(ProjectConfigurationPlatforms) = postSolution
		{2887EA8E-3F2E-436F-9DF1-E74458E25F9A}.Debug|Any CPU.ActiveCfg = Debug|Any CPU
		{2887EA8E-3F2E-436F-9DF1-E74458E25F9A}.Debug|Any CPU.Build.0 = Debug|Any CPU
		{2887EA8E-3F2E-436F-9DF1-E74458E25F9A}.Release|Any CPU.ActiveCfg = Release|Any CPU
		{2887EA8E-3F2E-436F-9DF1-E74458E25F9A}.Release|Any CPU.Build.0 = Release|Any CPU
	EndGlobalSection
	GlobalSection(SolutionProperties) = preSolution
		HideSolutionNode = FALSE
	EndGlobalSection
	GlobalSection(ExtensibilityGlobals) = postSolution
		SolutionGuid = {5E8CB33B-7361-4B32-BDBB-7B1821F29D24}
	EndGlobalSection
EndGlobal
